
Microsoft Visual Studio Solution File, Format Version 12.00
# Visual Studio 14
VisualStudioVersion = 14.0.24720.0
MinimumVisualStudioVersion = 10.0.40219.1
Project("{FAE04EC0-301F-11D3-BF4B-00C04F79EFBC}") = "SignalRChat", "SignalRChat\SignalRChat.csproj", "{42A4BBC6-AB00-4F32-84A5-B2A7E9D947D6}"
EndProject
Project("{FAE04EC0-301F-11D3-BF4B-00C04F79EFBC}") = "ConsoleClient", "ConsoleClient\ConsoleClient.csproj", "{B31FA556-FE61-454E-B40C-C6DA6412EED1}"
	ProjectSection(ProjectDependencies) = postProject
		{42A4BBC6-AB00-4F32-84A5-B2A7E9D947D6} = {42A4BBC6-AB00-4F32-84A5-B2A7E9D947D6}
	EndProjectSection
EndProject
Project("{FAE04EC0-301F-11D3-BF4B-00C04F79EFBC}") = "WindowsServiceClient", "WindowsServiceClient\WindowsServiceClient.csproj", "{E24D0108-066E-433F-9AFB-8348FC8A86CC}"
	ProjectSection(ProjectDependencies) = postProject
		{42A4BBC6-AB00-4F32-84A5-B2A7E9D947D6} = {42A4BBC6-AB00-4F32-84A5-B2A7E9D947D6}
	EndProjectSection
EndProject
Project("{FAE04EC0-301F-11D3-BF4B-00C04F79EFBC}") = "WpfApplicationClient", "WpfApplicationClient\WpfApplicationClient.csproj", "{A424EA96-D37A-4A63-8AB4-D70A1D5CA2A6}"
EndProject
Project("{FAE04EC0-301F-11D3-BF4B-00C04F79EFBC}") = "XilApiDemo", "..\XilApiDemo\XilApiDemo\XilApiDemo.csproj", "{F87A34E7-42C0-4CCB-A037-4A565B84680D}"
EndProject
Global
	GlobalSection(SolutionConfigurationPlatforms) = preSolution
		Debug|Any CPU = Debug|Any CPU
		Release|Any CPU = Release|Any CPU
	EndGlobalSection
	GlobalSection(ProjectConfigurationPlatforms) = postSolution
		{42A4BBC6-AB00-4F32-84A5-B2A7E9D947D6}.Debug|Any CPU.ActiveCfg = Debug|Any CPU
		{42A4BBC6-AB00-4F32-84A5-B2A7E9D947D6}.Debug|Any CPU.Build.0 = Debug|Any CPU
		{42A4BBC6-AB00-4F32-84A5-B2A7E9D947D6}.Release|Any CPU.ActiveCfg = Release|Any CPU
		{42A4BBC6-AB00-4F32-84A5-B2A7E9D947D6}.Release|Any CPU.Build.0 = Release|Any CPU
		{B31FA556-FE61-454E-B40C-C6DA6412EED1}.Debug|Any CPU.ActiveCfg = Debug|Any CPU
		{B31FA556-FE61-454E-B40C-C6DA6412EED1}.Debug|Any CPU.Build.0 = Debug|Any CPU
		{B31FA556-FE61-454E-B40C-C6DA6412EED1}.Release|Any CPU.ActiveCfg = Release|Any CPU
		{B31FA556-FE61-454E-B40C-C6DA6412EED1}.Release|Any CPU.Build.0 = Release|Any CPU
		{E24D0108-066E-433F-9AFB-8348FC8A86CC}.Debug|Any CPU.ActiveCfg = Debug|Any CPU
		{E24D0108-066E-433F-9AFB-8348FC8A86CC}.Debug|Any CPU.Build.0 = Debug|Any CPU
		{E24D0108-066E-433F-9AFB-8348FC8A86CC}.Release|Any CPU.ActiveCfg = Release|Any CPU
		{E24D0108-066E-433F-9AFB-8348FC8A86CC}.Release|Any CPU.Build.0 = Release|Any CPU
		{A424EA96-D37A-4A63-8AB4-D70A1D5CA2A6}.Debug|Any CPU.ActiveCfg = Debug|Any CPU
		{A424EA96-D37A-4A63-8AB4-D70A1D5CA2A6}.Debug|Any CPU.Build.0 = Debug|Any CPU
		{A424EA96-D37A-4A63-8AB4-D70A1D5CA2A6}.Release|Any CPU.ActiveCfg = Release|Any CPU
		{A424EA96-D37A-4A63-8AB4-D70A1D5CA2A6}.Release|Any CPU.Build.0 = Release|Any CPU
		{F87A34E7-42C0-4CCB-A037-4A565B84680D}.Debug|Any CPU.ActiveCfg = Debug|Any CPU
		{F87A34E7-42C0-4CCB-A037-4A565B84680D}.Debug|Any CPU.Build.0 = Debug|Any CPU
		{F87A34E7-42C0-4CCB-A037-4A565B84680D}.Release|Any CPU.ActiveCfg = Release|Any CPU
		{F87A34E7-42C0-4CCB-A037-4A565B84680D}.Release|Any CPU.Build.0 = Release|Any CPU
	EndGlobalSection
	GlobalSection(SolutionProperties) = preSolution
		HideSolutionNode = FALSE
	EndGlobalSection
EndGlobal
